
Microsoft Visual Studio Solution File, Format Version 12.00
# Visual Studio Version 17
VisualStudioVersion = 17.2.32616.157
MinimumVisualStudioVersion = 10.0.40219.1
Project("{9A19103F-16F7-4668-BE54-9A1E7A4F7556}") = "RangeTask", "RangeTask\RangeTask.csproj", "{04DECCAC-CC34-4FD2-8770-B34F76BAB888}"
EndProject
Project("{9A19103F-16F7-4668-BE54-9A1E7A4F7556}") = "ShapesTask", "ShapesTask\ShapesTask.csproj", "{BB31E362-C025-4837-AB95-9E7F504EC4F2}"
EndProject
Project("{9A19103F-16F7-4668-BE54-9A1E7A4F7556}") = "CsvTask", "CsvTask\CsvTask.csproj", "{218AC8FE-F313-478B-84DE-BF157513294C}"
EndProject
Project("{9A19103F-16F7-4668-BE54-9A1E7A4F7556}") = "VectorTask", "VectorTask\VectorTask.csproj", "{BDE122B4-6653-430C-BAD1-4348FA6B089F}"
EndProject
Project("{9A19103F-16F7-4668-BE54-9A1E7A4F7556}") = "ArrayListHomeTask", "ArrayListHomeTask\ArrayListHomeTask.csproj", "{8EBC0075-9C14-4379-BD1D-F7CCFF6FF1CA}"
EndProject
Project("{9A19103F-16F7-4668-BE54-9A1E7A4F7556}") = "ListTask", "ListTask\ListTask.csproj", "{03A95FAB-4143-4B53-9786-F87A2EC0B976}"
EndProject
Project("{9A19103F-16F7-4668-BE54-9A1E7A4F7556}") = "MatrixTask", "MatrixTask\MatrixTask.csproj", "{D9CBBF8B-F666-4E30-8E6E-6824ACFCF615}"
EndProject
Project("{9A19103F-16F7-4668-BE54-9A1E7A4F7556}") = "ArrayListTask", "ArrayListTask\ArrayListTask.csproj", "{4F2F3C57-6828-454D-BCD9-4E9B3C786B6E}"
EndProject
Project("{9A19103F-16F7-4668-BE54-9A1E7A4F7556}") = "HashTableTask", "HashTableTask\HashTableTask.csproj", "{95E133B9-0CBB-4327-A39A-0076E79644FC}"
EndProject
Project("{9A19103F-16F7-4668-BE54-9A1E7A4F7556}") = "TreeTask", "TreeTask\TreeTask.csproj", "{8C9B276D-4B5E-41DF-B186-7BC74E27FA11}"
EndProject
Project("{FAE04EC0-301F-11D3-BF4B-00C04F79EFBC}") = "LambdasTask", "LambdasTask\LambdasTask.csproj", "{192FB591-922C-4158-BECC-1D21D625A29B}"
EndProject
Global
	GlobalSection(SolutionConfigurationPlatforms) = preSolution
		Debug|Any CPU = Debug|Any CPU
		Release|Any CPU = Release|Any CPU
	EndGlobalSection
	GlobalSection(ProjectConfigurationPlatforms) = postSolution
		{04DECCAC-CC34-4FD2-8770-B34F76BAB888}.Debug|Any CPU.ActiveCfg = Debug|Any CPU
		{04DECCAC-CC34-4FD2-8770-B34F76BAB888}.Debug|Any CPU.Build.0 = Debug|Any CPU
		{04DECCAC-CC34-4FD2-8770-B34F76BAB888}.Release|Any CPU.ActiveCfg = Release|Any CPU
		{04DECCAC-CC34-4FD2-8770-B34F76BAB888}.Release|Any CPU.Build.0 = Release|Any CPU
		{BB31E362-C025-4837-AB95-9E7F504EC4F2}.Debug|Any CPU.ActiveCfg = Debug|Any CPU
		{BB31E362-C025-4837-AB95-9E7F504EC4F2}.Debug|Any CPU.Build.0 = Debug|Any CPU
		{BB31E362-C025-4837-AB95-9E7F504EC4F2}.Release|Any CPU.ActiveCfg = Release|Any CPU
		{BB31E362-C025-4837-AB95-9E7F504EC4F2}.Release|Any CPU.Build.0 = Release|Any CPU
		{218AC8FE-F313-478B-84DE-BF157513294C}.Debug|Any CPU.ActiveCfg = Debug|Any CPU
		{218AC8FE-F313-478B-84DE-BF157513294C}.Debug|Any CPU.Build.0 = Debug|Any CPU
		{218AC8FE-F313-478B-84DE-BF157513294C}.Release|Any CPU.ActiveCfg = Release|Any CPU
		{218AC8FE-F313-478B-84DE-BF157513294C}.Release|Any CPU.Build.0 = Release|Any CPU
		{BDE122B4-6653-430C-BAD1-4348FA6B089F}.Debug|Any CPU.ActiveCfg = Debug|Any CPU
		{BDE122B4-6653-430C-BAD1-4348FA6B089F}.Debug|Any CPU.Build.0 = Debug|Any CPU
		{BDE122B4-6653-430C-BAD1-4348FA6B089F}.Release|Any CPU.ActiveCfg = Release|Any CPU
		{BDE122B4-6653-430C-BAD1-4348FA6B089F}.Release|Any CPU.Build.0 = Release|Any CPU
		{8EBC0075-9C14-4379-BD1D-F7CCFF6FF1CA}.Debug|Any CPU.ActiveCfg = Debug|Any CPU
		{8EBC0075-9C14-4379-BD1D-F7CCFF6FF1CA}.Debug|Any CPU.Build.0 = Debug|Any CPU
		{8EBC0075-9C14-4379-BD1D-F7CCFF6FF1CA}.Release|Any CPU.ActiveCfg = Release|Any CPU
		{8EBC0075-9C14-4379-BD1D-F7CCFF6FF1CA}.Release|Any CPU.Build.0 = Release|Any CPU
		{03A95FAB-4143-4B53-9786-F87A2EC0B976}.Debug|Any CPU.ActiveCfg = Debug|Any CPU
		{03A95FAB-4143-4B53-9786-F87A2EC0B976}.Debug|Any CPU.Build.0 = Debug|Any CPU
		{03A95FAB-4143-4B53-9786-F87A2EC0B976}.Release|Any CPU.ActiveCfg = Release|Any CPU
		{03A95FAB-4143-4B53-9786-F87A2EC0B976}.Release|Any CPU.Build.0 = Release|Any CPU
		{D9CBBF8B-F666-4E30-8E6E-6824ACFCF615}.Debug|Any CPU.ActiveCfg = Debug|Any CPU
		{D9CBBF8B-F666-4E30-8E6E-6824ACFCF615}.Debug|Any CPU.Build.0 = Debug|Any CPU
		{D9CBBF8B-F666-4E30-8E6E-6824ACFCF615}.Release|Any CPU.ActiveCfg = Release|Any CPU
		{D9CBBF8B-F666-4E30-8E6E-6824ACFCF615}.Release|Any CPU.Build.0 = Release|Any CPU
		{4F2F3C57-6828-454D-BCD9-4E9B3C786B6E}.Debug|Any CPU.ActiveCfg = Debug|Any CPU
		{4F2F3C57-6828-454D-BCD9-4E9B3C786B6E}.Debug|Any CPU.Build.0 = Debug|Any CPU
		{4F2F3C57-6828-454D-BCD9-4E9B3C786B6E}.Release|Any CPU.ActiveCfg = Release|Any CPU
		{4F2F3C57-6828-454D-BCD9-4E9B3C786B6E}.Release|Any CPU.Build.0 = Release|Any CPU
		{95E133B9-0CBB-4327-A39A-0076E79644FC}.Debug|Any CPU.ActiveCfg = Debug|Any CPU
		{95E133B9-0CBB-4327-A39A-0076E79644FC}.Debug|Any CPU.Build.0 = Debug|Any CPU
		{95E133B9-0CBB-4327-A39A-0076E79644FC}.Release|Any CPU.ActiveCfg = Release|Any CPU
		{95E133B9-0CBB-4327-A39A-0076E79644FC}.Release|Any CPU.Build.0 = Release|Any CPU
		{8C9B276D-4B5E-41DF-B186-7BC74E27FA11}.Debug|Any CPU.ActiveCfg = Debug|Any CPU
		{8C9B276D-4B5E-41DF-B186-7BC74E27FA11}.Debug|Any CPU.Build.0 = Debug|Any CPU
		{8C9B276D-4B5E-41DF-B186-7BC74E27FA11}.Release|Any CPU.ActiveCfg = Release|Any CPU
		{8C9B276D-4B5E-41DF-B186-7BC74E27FA11}.Release|Any CPU.Build.0 = Release|Any CPU
		{192FB591-922C-4158-BECC-1D21D625A29B}.Debug|Any CPU.ActiveCfg = Debug|Any CPU
		{192FB591-922C-4158-BECC-1D21D625A29B}.Debug|Any CPU.Build.0 = Debug|Any CPU
		{192FB591-922C-4158-BECC-1D21D625A29B}.Release|Any CPU.ActiveCfg = Release|Any CPU
		{192FB591-922C-4158-BECC-1D21D625A29B}.Release|Any CPU.Build.0 = Release|Any CPU
	EndGlobalSection
	GlobalSection(SolutionProperties) = preSolution
		HideSolutionNode = FALSE
	EndGlobalSection
	GlobalSection(ExtensibilityGlobals) = postSolution
		SolutionGuid = {87287FE7-AE37-4214-9AB6-E23948603528}
	EndGlobalSection
EndGlobal
